
Microsoft Visual Studio Solution File, Format Version 12.00
# Visual Studio Version 17
VisualStudioVersion = 17.11.35222.181
MinimumVisualStudioVersion = 10.0.40219.1
Project("{2150E333-8FDC-42A3-9474-1A3956D46DE8}") = "Services", "Services", "{0AFA01E8-6F98-440C-94CE-5EB0B8AC8AD7}"
EndProject
Project("{2150E333-8FDC-42A3-9474-1A3956D46DE8}") = "Catalog", "Catalog", "{350D7C22-229B-4DD7-A281-1EEDEE54B304}"
EndProject
Project("{9A19103F-16F7-4668-BE54-9A1E7A4F7556}") = "Application", "Services\Catalog\Application\Application.csproj", "{649ACD6B-0E32-40CB-8730-B111DB337DCA}"
EndProject
Project("{9A19103F-16F7-4668-BE54-9A1E7A4F7556}") = "Domain", "Services\Catalog\Domain\Domain.csproj", "{4D35FE5A-C341-4564-BC16-787CBB3DD600}"
EndProject
Project("{9A19103F-16F7-4668-BE54-9A1E7A4F7556}") = "Persistence", "Services\Catalog\Persistence\Persistence.csproj", "{13CBF82B-8392-4E49-B80D-1890BCB45B4B}"
EndProject
Project("{9A19103F-16F7-4668-BE54-9A1E7A4F7556}") = "CatalogAPI", "Services\Catalog\CatalogAPI\CatalogAPI.csproj", "{B2AECC29-90AC-462C-BA94-C54F9E09A251}"
EndProject
Project("{2150E333-8FDC-42A3-9474-1A3956D46DE8}") = "Order", "Order", "{AED20A89-EB5E-475B-ADD8-F7E69751DFB8}"
EndProject
Project("{9A19103F-16F7-4668-BE54-9A1E7A4F7556}") = "Application", "Services\Order\Application\Application.csproj", "{D358E8E1-8AB1-4CA7-8CC0-D31C93736B62}"
EndProject
Project("{9A19103F-16F7-4668-BE54-9A1E7A4F7556}") = "Persistence", "Services\Order\Persistence\Persistence.csproj", "{2894AA76-3E6D-4712-AAB0-E57E1B03C22E}"
EndProject
Project("{9A19103F-16F7-4668-BE54-9A1E7A4F7556}") = "Domain", "Services\Order\Domain\Domain.csproj", "{A179E633-ADD3-4575-8020-73F58541B929}"
EndProject
Project("{9A19103F-16F7-4668-BE54-9A1E7A4F7556}") = "OrderAPI", "Services\Order\OrderAPI\OrderAPI.csproj", "{B29D24A1-C14C-4FEB-95F1-DEABE3E9B6E3}"
EndProject
Project("{2150E333-8FDC-42A3-9474-1A3956D46DE8}") = "Basket", "Basket", "{3BBFAF24-7AC7-450D-BECF-1DE239934DDB}"
EndProject
Project("{9A19103F-16F7-4668-BE54-9A1E7A4F7556}") = "Application", "Services\Basket\Application\Application.csproj", "{BA1A7BF7-7656-4A99-95AF-98F90B0708BF}"
EndProject
Project("{9A19103F-16F7-4668-BE54-9A1E7A4F7556}") = "Domain", "Services\Basket\Domain\Domain.csproj", "{C3326680-1153-46A5-8EE8-E158C685B5D0}"
EndProject
Project("{9A19103F-16F7-4668-BE54-9A1E7A4F7556}") = "BasketAPI", "Services\Basket\BasketAPI\BasketAPI.csproj", "{D6580637-96C7-412F-882F-0CC914FD2F1E}"
EndProject
Project("{9A19103F-16F7-4668-BE54-9A1E7A4F7556}") = "Persistance", "Services\Basket\Persistance\Persistance.csproj", "{74F48D00-B104-4B8E-B16D-5C4271BA3FF6}"
EndProject
Project("{2150E333-8FDC-42A3-9474-1A3956D46DE8}") = "IdentityServer", "IdentityServer", "{554C537A-5BE7-4119-872A-5CD71AB2AE91}"
EndProject
Project("{2150E333-8FDC-42A3-9474-1A3956D46DE8}") = "documentation", "documentation", "{D934BF4F-60EF-41C8-A6CD-E3B8E0D15CB0}"
	ProjectSection(SolutionItems) = preProject
		Ports.txt = Ports.txt
	EndProjectSection
EndProject
Project("{2150E333-8FDC-42A3-9474-1A3956D46DE8}") = "PhotoStock", "PhotoStock", "{9C5977B2-EE6D-46A2-ADB4-3A9195EADD8E}"
EndProject
Project("{9A19103F-16F7-4668-BE54-9A1E7A4F7556}") = "PhotoStockAPI", "Services\PhotoStock\PhotoStockAPI\PhotoStockAPI.csproj", "{71360A7A-D7DC-4976-8173-E56958430D9B}"
EndProject
Project("{9A19103F-16F7-4668-BE54-9A1E7A4F7556}") = "IdentityServer", "..\MRPos\IdentityServer\IdentityServer.csproj", "{3E9A7DC5-B84C-48B9-B1B5-90985FC78E29}"
EndProject
Global
	GlobalSection(SolutionConfigurationPlatforms) = preSolution
		Debug|Any CPU = Debug|Any CPU
		Release|Any CPU = Release|Any CPU
	EndGlobalSection
	GlobalSection(ProjectConfigurationPlatforms) = postSolution
		{649ACD6B-0E32-40CB-8730-B111DB337DCA}.Debug|Any CPU.ActiveCfg = Debug|Any CPU
		{649ACD6B-0E32-40CB-8730-B111DB337DCA}.Debug|Any CPU.Build.0 = Debug|Any CPU
		{649ACD6B-0E32-40CB-8730-B111DB337DCA}.Release|Any CPU.ActiveCfg = Release|Any CPU
		{649ACD6B-0E32-40CB-8730-B111DB337DCA}.Release|Any CPU.Build.0 = Release|Any CPU
		{4D35FE5A-C341-4564-BC16-787CBB3DD600}.Debug|Any CPU.ActiveCfg = Debug|Any CPU
		{4D35FE5A-C341-4564-BC16-787CBB3DD600}.Debug|Any CPU.Build.0 = Debug|Any CPU
		{4D35FE5A-C341-4564-BC16-787CBB3DD600}.Release|Any CPU.ActiveCfg = Release|Any CPU
		{4D35FE5A-C341-4564-BC16-787CBB3DD600}.Release|Any CPU.Build.0 = Release|Any CPU
		{13CBF82B-8392-4E49-B80D-1890BCB45B4B}.Debug|Any CPU.ActiveCfg = Debug|Any CPU
		{13CBF82B-8392-4E49-B80D-1890BCB45B4B}.Debug|Any CPU.Build.0 = Debug|Any CPU
		{13CBF82B-8392-4E49-B80D-1890BCB45B4B}.Release|Any CPU.ActiveCfg = Release|Any CPU
		{13CBF82B-8392-4E49-B80D-1890BCB45B4B}.Release|Any CPU.Build.0 = Release|Any CPU
		{B2AECC29-90AC-462C-BA94-C54F9E09A251}.Debug|Any CPU.ActiveCfg = Debug|Any CPU
		{B2AECC29-90AC-462C-BA94-C54F9E09A251}.Debug|Any CPU.Build.0 = Debug|Any CPU
		{B2AECC29-90AC-462C-BA94-C54F9E09A251}.Release|Any CPU.ActiveCfg = Release|Any CPU
		{B2AECC29-90AC-462C-BA94-C54F9E09A251}.Release|Any CPU.Build.0 = Release|Any CPU
		{D358E8E1-8AB1-4CA7-8CC0-D31C93736B62}.Debug|Any CPU.ActiveCfg = Debug|Any CPU
		{D358E8E1-8AB1-4CA7-8CC0-D31C93736B62}.Debug|Any CPU.Build.0 = Debug|Any CPU
		{D358E8E1-8AB1-4CA7-8CC0-D31C93736B62}.Release|Any CPU.ActiveCfg = Release|Any CPU
		{D358E8E1-8AB1-4CA7-8CC0-D31C93736B62}.Release|Any CPU.Build.0 = Release|Any CPU
		{2894AA76-3E6D-4712-AAB0-E57E1B03C22E}.Debug|Any CPU.ActiveCfg = Debug|Any CPU
		{2894AA76-3E6D-4712-AAB0-E57E1B03C22E}.Debug|Any CPU.Build.0 = Debug|Any CPU
		{2894AA76-3E6D-4712-AAB0-E57E1B03C22E}.Release|Any CPU.ActiveCfg = Release|Any CPU
		{2894AA76-3E6D-4712-AAB0-E57E1B03C22E}.Release|Any CPU.Build.0 = Release|Any CPU
		{A179E633-ADD3-4575-8020-73F58541B929}.Debug|Any CPU.ActiveCfg = Debug|Any CPU
		{A179E633-ADD3-4575-8020-73F58541B929}.Debug|Any CPU.Build.0 = Debug|Any CPU
		{A179E633-ADD3-4575-8020-73F58541B929}.Release|Any CPU.ActiveCfg = Release|Any CPU
		{A179E633-ADD3-4575-8020-73F58541B929}.Release|Any CPU.Build.0 = Release|Any CPU
		{B29D24A1-C14C-4FEB-95F1-DEABE3E9B6E3}.Debug|Any CPU.ActiveCfg = Debug|Any CPU
		{B29D24A1-C14C-4FEB-95F1-DEABE3E9B6E3}.Debug|Any CPU.Build.0 = Debug|Any CPU
		{B29D24A1-C14C-4FEB-95F1-DEABE3E9B6E3}.Release|Any CPU.ActiveCfg = Release|Any CPU
		{B29D24A1-C14C-4FEB-95F1-DEABE3E9B6E3}.Release|Any CPU.Build.0 = Release|Any CPU
		{BA1A7BF7-7656-4A99-95AF-98F90B0708BF}.Debug|Any CPU.ActiveCfg = Debug|Any CPU
		{BA1A7BF7-7656-4A99-95AF-98F90B0708BF}.Debug|Any CPU.Build.0 = Debug|Any CPU
		{BA1A7BF7-7656-4A99-95AF-98F90B0708BF}.Release|Any CPU.ActiveCfg = Release|Any CPU
		{BA1A7BF7-7656-4A99-95AF-98F90B0708BF}.Release|Any CPU.Build.0 = Release|Any CPU
		{C3326680-1153-46A5-8EE8-E158C685B5D0}.Debug|Any CPU.ActiveCfg = Debug|Any CPU
		{C3326680-1153-46A5-8EE8-E158C685B5D0}.Debug|Any CPU.Build.0 = Debug|Any CPU
		{C3326680-1153-46A5-8EE8-E158C685B5D0}.Release|Any CPU.ActiveCfg = Release|Any CPU
		{C3326680-1153-46A5-8EE8-E158C685B5D0}.Release|Any CPU.Build.0 = Release|Any CPU
		{D6580637-96C7-412F-882F-0CC914FD2F1E}.Debug|Any CPU.ActiveCfg = Debug|Any CPU
		{D6580637-96C7-412F-882F-0CC914FD2F1E}.Debug|Any CPU.Build.0 = Debug|Any CPU
		{D6580637-96C7-412F-882F-0CC914FD2F1E}.Release|Any CPU.ActiveCfg = Release|Any CPU
		{D6580637-96C7-412F-882F-0CC914FD2F1E}.Release|Any CPU.Build.0 = Release|Any CPU
		{74F48D00-B104-4B8E-B16D-5C4271BA3FF6}.Debug|Any CPU.ActiveCfg = Debug|Any CPU
		{74F48D00-B104-4B8E-B16D-5C4271BA3FF6}.Debug|Any CPU.Build.0 = Debug|Any CPU
		{74F48D00-B104-4B8E-B16D-5C4271BA3FF6}.Release|Any CPU.ActiveCfg = Release|Any CPU
		{74F48D00-B104-4B8E-B16D-5C4271BA3FF6}.Release|Any CPU.Build.0 = Release|Any CPU
		{71360A7A-D7DC-4976-8173-E56958430D9B}.Debug|Any CPU.ActiveCfg = Debug|Any CPU
		{71360A7A-D7DC-4976-8173-E56958430D9B}.Debug|Any CPU.Build.0 = Debug|Any CPU
		{71360A7A-D7DC-4976-8173-E56958430D9B}.Release|Any CPU.ActiveCfg = Release|Any CPU
		{71360A7A-D7DC-4976-8173-E56958430D9B}.Release|Any CPU.Build.0 = Release|Any CPU
		{3E9A7DC5-B84C-48B9-B1B5-90985FC78E29}.Debug|Any CPU.ActiveCfg = Debug|Any CPU
		{3E9A7DC5-B84C-48B9-B1B5-90985FC78E29}.Debug|Any CPU.Build.0 = Debug|Any CPU
		{3E9A7DC5-B84C-48B9-B1B5-90985FC78E29}.Release|Any CPU.ActiveCfg = Release|Any CPU
		{3E9A7DC5-B84C-48B9-B1B5-90985FC78E29}.Release|Any CPU.Build.0 = Release|Any CPU
	EndGlobalSection
	GlobalSection(SolutionProperties) = preSolution
		HideSolutionNode = FALSE
	EndGlobalSection
	GlobalSection(NestedProjects) = preSolution
		{350D7C22-229B-4DD7-A281-1EEDEE54B304} = {0AFA01E8-6F98-440C-94CE-5EB0B8AC8AD7}
		{649ACD6B-0E32-40CB-8730-B111DB337DCA} = {350D7C22-229B-4DD7-A281-1EEDEE54B304}
		{4D35FE5A-C341-4564-BC16-787CBB3DD600} = {350D7C22-229B-4DD7-A281-1EEDEE54B304}
		{13CBF82B-8392-4E49-B80D-1890BCB45B4B} = {350D7C22-229B-4DD7-A281-1EEDEE54B304}
		{B2AECC29-90AC-462C-BA94-C54F9E09A251} = {350D7C22-229B-4DD7-A281-1EEDEE54B304}
		{AED20A89-EB5E-475B-ADD8-F7E69751DFB8} = {0AFA01E8-6F98-440C-94CE-5EB0B8AC8AD7}
		{D358E8E1-8AB1-4CA7-8CC0-D31C93736B62} = {AED20A89-EB5E-475B-ADD8-F7E69751DFB8}
		{2894AA76-3E6D-4712-AAB0-E57E1B03C22E} = {AED20A89-EB5E-475B-ADD8-F7E69751DFB8}
		{A179E633-ADD3-4575-8020-73F58541B929} = {AED20A89-EB5E-475B-ADD8-F7E69751DFB8}
		{B29D24A1-C14C-4FEB-95F1-DEABE3E9B6E3} = {AED20A89-EB5E-475B-ADD8-F7E69751DFB8}
		{3BBFAF24-7AC7-450D-BECF-1DE239934DDB} = {0AFA01E8-6F98-440C-94CE-5EB0B8AC8AD7}
		{BA1A7BF7-7656-4A99-95AF-98F90B0708BF} = {3BBFAF24-7AC7-450D-BECF-1DE239934DDB}
		{C3326680-1153-46A5-8EE8-E158C685B5D0} = {3BBFAF24-7AC7-450D-BECF-1DE239934DDB}
		{D6580637-96C7-412F-882F-0CC914FD2F1E} = {3BBFAF24-7AC7-450D-BECF-1DE239934DDB}
		{74F48D00-B104-4B8E-B16D-5C4271BA3FF6} = {3BBFAF24-7AC7-450D-BECF-1DE239934DDB}
		{9C5977B2-EE6D-46A2-ADB4-3A9195EADD8E} = {0AFA01E8-6F98-440C-94CE-5EB0B8AC8AD7}
		{71360A7A-D7DC-4976-8173-E56958430D9B} = {9C5977B2-EE6D-46A2-ADB4-3A9195EADD8E}
		{3E9A7DC5-B84C-48B9-B1B5-90985FC78E29} = {554C537A-5BE7-4119-872A-5CD71AB2AE91}
	EndGlobalSection
	GlobalSection(ExtensibilityGlobals) = postSolution
		SolutionGuid = {54162011-9DA8-49B1-B903-029510C4E034}
	EndGlobalSection
EndGlobal
